
Microsoft Visual Studio Solution File, Format Version 12.00
# Visual Studio Version 17
VisualStudioVersion = 17.9.34728.123
MinimumVisualStudioVersion = 10.0.40219.1
Project("{FAE04EC0-301F-11D3-BF4B-00C04F79EFBC}") = "Library_Task.Server", "Library_Task\Library_Task.Server\Library_Task.Server.csproj", "{7E016FBA-1F1B-45A2-BA22-59C956BE99D1}"
EndProject
Project("{54A90642-561A-4BB1-A94E-469ADEE60C69}") = "library_task.client", "Library_Task\library_task.client\library_task.client.esproj", "{429A1C30-957D-4FE0-BF96-0BE9EDF662FB}"
EndProject
Project("{FAE04EC0-301F-11D3-BF4B-00C04F79EFBC}") = "ServerTests", "ServerUseCasesTests\ServerTests.csproj", "{C278911A-50F8-4E64-B1A0-DAB037BFBDF7}"
EndProject
Global
	GlobalSection(SolutionConfigurationPlatforms) = preSolution
		Debug|Any CPU = Debug|Any CPU
		Release|Any CPU = Release|Any CPU
	EndGlobalSection
	GlobalSection(ProjectConfigurationPlatforms) = postSolution
		{7E016FBA-1F1B-45A2-BA22-59C956BE99D1}.Debug|Any CPU.ActiveCfg = Debug|Any CPU
		{7E016FBA-1F1B-45A2-BA22-59C956BE99D1}.Debug|Any CPU.Build.0 = Debug|Any CPU
		{7E016FBA-1F1B-45A2-BA22-59C956BE99D1}.Release|Any CPU.ActiveCfg = Release|Any CPU
		{7E016FBA-1F1B-45A2-BA22-59C956BE99D1}.Release|Any CPU.Build.0 = Release|Any CPU
		{429A1C30-957D-4FE0-BF96-0BE9EDF662FB}.Debug|Any CPU.ActiveCfg = Debug|Any CPU
		{429A1C30-957D-4FE0-BF96-0BE9EDF662FB}.Debug|Any CPU.Build.0 = Debug|Any CPU
		{429A1C30-957D-4FE0-BF96-0BE9EDF662FB}.Debug|Any CPU.Deploy.0 = Debug|Any CPU
		{429A1C30-957D-4FE0-BF96-0BE9EDF662FB}.Release|Any CPU.ActiveCfg = Release|Any CPU
		{429A1C30-957D-4FE0-BF96-0BE9EDF662FB}.Release|Any CPU.Build.0 = Release|Any CPU
		{429A1C30-957D-4FE0-BF96-0BE9EDF662FB}.Release|Any CPU.Deploy.0 = Release|Any CPU
		{C278911A-50F8-4E64-B1A0-DAB037BFBDF7}.Debug|Any CPU.ActiveCfg = Debug|Any CPU
		{C278911A-50F8-4E64-B1A0-DAB037BFBDF7}.Debug|Any CPU.Build.0 = Debug|Any CPU
		{C278911A-50F8-4E64-B1A0-DAB037BFBDF7}.Release|Any CPU.ActiveCfg = Release|Any CPU
		{C278911A-50F8-4E64-B1A0-DAB037BFBDF7}.Release|Any CPU.Build.0 = Release|Any CPU
	EndGlobalSection
	GlobalSection(SolutionProperties) = preSolution
		HideSolutionNode = FALSE
	EndGlobalSection
	GlobalSection(ExtensibilityGlobals) = postSolution
		SolutionGuid = {5896A496-B548-4AC3-BDB5-0AB7286B2DFD}
	EndGlobalSection
EndGlobal
